// !$*UTF8*$!
{
	archiveVersion = 1;
	classes = {
	};
	objectVersion = 46;
	objects = {

/* Begin PBXBuildFile section */
		963F4A341B4ABAE100E900D7 /* HomeViewController.swift in Sources */ = {isa = PBXBuildFile; fileRef = 963F4A331B4ABAE100E900D7 /* HomeViewController.swift */; };
		963F4A361B4ABC5B00E900D7 /* MessageViewController.swift in Sources */ = {isa = PBXBuildFile; fileRef = 963F4A351B4ABC5B00E900D7 /* MessageViewController.swift */; };
		963F4A381B4ABC7900E900D7 /* DiscoverViewController.swift in Sources */ = {isa = PBXBuildFile; fileRef = 963F4A371B4ABC7900E900D7 /* DiscoverViewController.swift */; };
		963F4A3A1B4ABC8600E900D7 /* ProfileViewController.swift in Sources */ = {isa = PBXBuildFile; fileRef = 963F4A391B4ABC8600E900D7 /* ProfileViewController.swift */; };
		963F4A3C1B4AC06600E900D7 /* MainViewController.swift in Sources */ = {isa = PBXBuildFile; fileRef = 963F4A3B1B4AC06600E900D7 /* MainViewController.swift */; };
		96495AB91B4AA57400BD71EA /* Tool.swift in Sources */ = {isa = PBXBuildFile; fileRef = 96495AB81B4AA57400BD71EA /* Tool.swift */; };
		96EC3B3F1B4AA21A009209F7 /* AppDelegate.swift in Sources */ = {isa = PBXBuildFile; fileRef = 96EC3B3E1B4AA21A009209F7 /* AppDelegate.swift */; };
		96EC91DF1B4A9ABC00D1275C /* Images.xcassets in Resources */ = {isa = PBXBuildFile; fileRef = 96EC91DE1B4A9ABC00D1275C /* Images.xcassets */; };
		96EC91EE1B4A9ABC00D1275C /* NJ__Tests.swift in Sources */ = {isa = PBXBuildFile; fileRef = 96EC91ED1B4A9ABC00D1275C /* NJ__Tests.swift */; };
/* End PBXBuildFile section */

/* Begin PBXContainerItemProxy section */
		96EC91E81B4A9ABC00D1275C /* PBXContainerItemProxy */ = {
			isa = PBXContainerItemProxy;
			containerPortal = 96EC91CA1B4A9ABB00D1275C /* Project object */;
			proxyType = 1;
			remoteGlobalIDString = 96EC91D11B4A9ABB00D1275C;
			remoteInfo = "NJ微博";
		};
/* End PBXContainerItemProxy section */

/* Begin PBXFileReference section */
		963F4A331B4ABAE100E900D7 /* HomeViewController.swift */ = {isa = PBXFileReference; fileEncoding = 4; lastKnownFileType = sourcecode.swift; path = HomeViewController.swift; sourceTree = "<group>"; };
		963F4A351B4ABC5B00E900D7 /* MessageViewController.swift */ = {isa = PBXFileReference; fileEncoding = 4; lastKnownFileType = sourcecode.swift; path = MessageViewController.swift; sourceTree = "<group>"; };
		963F4A371B4ABC7900E900D7 /* DiscoverViewController.swift */ = {isa = PBXFileReference; fileEncoding = 4; lastKnownFileType = sourcecode.swift; path = DiscoverViewController.swift; sourceTree = "<group>"; };
		963F4A391B4ABC8600E900D7 /* ProfileViewController.swift */ = {isa = PBXFileReference; fileEncoding = 4; lastKnownFileType = sourcecode.swift; path = ProfileViewController.swift; sourceTree = "<group>"; };
		963F4A3B1B4AC06600E900D7 /* MainViewController.swift */ = {isa = PBXFileReference; fileEncoding = 4; lastKnownFileType = sourcecode.swift; path = MainViewController.swift; sourceTree = "<group>"; };
		963F4A401B4AC36600E900D7 /* NJ微博-Bridging-Header.h */ = {isa = PBXFileReference; lastKnownFileType = sourcecode.c.h; path = "NJ微博-Bridging-Header.h"; sourceTree = "<group>"; };
		96495AB81B4AA57400BD71EA /* Tool.swift */ = {isa = PBXFileReference; fileEncoding = 4; lastKnownFileType = sourcecode.swift; path = Tool.swift; sourceTree = "<group>"; };
		96EC3B3E1B4AA21A009209F7 /* AppDelegate.swift */ = {isa = PBXFileReference; fileEncoding = 4; lastKnownFileType = sourcecode.swift; path = AppDelegate.swift; sourceTree = "<group>"; };
		96EC91D21B4A9ABB00D1275C /* NJ微博.app */ = {isa = PBXFileReference; explicitFileType = wrapper.application; includeInIndex = 0; path = "NJ微博.app"; sourceTree = BUILT_PRODUCTS_DIR; };
		96EC91D61B4A9ABB00D1275C /* Info.plist */ = {isa = PBXFileReference; lastKnownFileType = text.plist.xml; path = Info.plist; sourceTree = "<group>"; };
		96EC91DE1B4A9ABC00D1275C /* Images.xcassets */ = {isa = PBXFileReference; lastKnownFileType = folder.assetcatalog; path = Images.xcassets; sourceTree = "<group>"; };
		96EC91E71B4A9ABC00D1275C /* NJ微博Tests.xctest */ = {isa = PBXFileReference; explicitFileType = wrapper.cfbundle; includeInIndex = 0; path = "NJ微博Tests.xctest"; sourceTree = BUILT_PRODUCTS_DIR; };
		96EC91EC1B4A9ABC00D1275C /* Info.plist */ = {isa = PBXFileReference; lastKnownFileType = text.plist.xml; path = Info.plist; sourceTree = "<group>"; };
		96EC91ED1B4A9ABC00D1275C /* NJ__Tests.swift */ = {isa = PBXFileReference; lastKnownFileType = sourcecode.swift; path = NJ__Tests.swift; sourceTree = "<group>"; };
/* End PBXFileReference section */

/* Begin PBXFrameworksBuildPhase section */
		96EC91CF1B4A9ABB00D1275C /* Frameworks */ = {
			isa = PBXFrameworksBuildPhase;
			buildActionMask = 2147483647;
			files = (
			);
			runOnlyForDeploymentPostprocessing = 0;
		};
		96EC91E41B4A9ABC00D1275C /* Frameworks */ = {
			isa = PBXFrameworksBuildPhase;
			buildActionMask = 2147483647;
			files = (
			);
			runOnlyForDeploymentPostprocessing = 0;
		};
/* End PBXFrameworksBuildPhase section */

/* Begin PBXGroup section */
		963F4A3D1B4AC22700E900D7 /* Controllers */ = {
			isa = PBXGroup;
			children = (
				963F4A331B4ABAE100E900D7 /* HomeViewController.swift */,
				963F4A351B4ABC5B00E900D7 /* MessageViewController.swift */,
				963F4A371B4ABC7900E900D7 /* DiscoverViewController.swift */,
				963F4A391B4ABC8600E900D7 /* ProfileViewController.swift */,
				963F4A3B1B4AC06600E900D7 /* MainViewController.swift */,
			);
			path = Controllers;
			sourceTree = "<group>";
		};
		963F4A3E1B4AC26000E900D7 /* Other */ = {
			isa = PBXGroup;
			children = (
				96495AB81B4AA57400BD71EA /* Tool.swift */,
				96EC3B3E1B4AA21A009209F7 /* AppDelegate.swift */,
			);
			path = Other;
			sourceTree = "<group>";
		};
		96EC91C91B4A9ABB00D1275C = {
			isa = PBXGroup;
			children = (
				96EC91D41B4A9ABB00D1275C /* NJ微博 */,
				96EC91EA1B4A9ABC00D1275C /* NJ微博Tests */,
				96EC91D31B4A9ABB00D1275C /* Products */,
			);
			sourceTree = "<group>";
		};
		96EC91D31B4A9ABB00D1275C /* Products */ = {
			isa = PBXGroup;
			children = (
				96EC91D21B4A9ABB00D1275C /* NJ微博.app */,
				96EC91E71B4A9ABC00D1275C /* NJ微博Tests.xctest */,
			);
			name = Products;
			sourceTree = "<group>";
		};
		96EC91D41B4A9ABB00D1275C /* NJ微博 */ = {
			isa = PBXGroup;
			children = (
				963F4A401B4AC36600E900D7 /* NJ微博-Bridging-Header.h */,
				96EC91DE1B4A9ABC00D1275C /* Images.xcassets */,
				96EC91D51B4A9ABB00D1275C /* Supporting Files */,
				963F4A3E1B4AC26000E900D7 /* Other */,
				963F4A3D1B4AC22700E900D7 /* Controllers */,
			);
			path = "NJ微博";
			sourceTree = "<group>";
		};
		96EC91D51B4A9ABB00D1275C /* Supporting Files */ = {
			isa = PBXGroup;
			children = (
				96EC91D61B4A9ABB00D1275C /* Info.plist */,
			);
			name = "Supporting Files";
			sourceTree = "<group>";
		};
		96EC91EA1B4A9ABC00D1275C /* NJ微博Tests */ = {
			isa = PBXGroup;
			children = (
				96EC91ED1B4A9ABC00D1275C /* NJ__Tests.swift */,
				96EC91EB1B4A9ABC00D1275C /* Supporting Files */,
			);
			path = "NJ微博Tests";
			sourceTree = "<group>";
		};
		96EC91EB1B4A9ABC00D1275C /* Supporting Files */ = {
			isa = PBXGroup;
			children = (
				96EC91EC1B4A9ABC00D1275C /* Info.plist */,
			);
			name = "Supporting Files";
			sourceTree = "<group>";
		};
/* End PBXGroup section */

/* Begin PBXNativeTarget section */
		96EC91D11B4A9ABB00D1275C /* NJ微博 */ = {
			isa = PBXNativeTarget;
			buildConfigurationList = 96EC91F11B4A9ABC00D1275C /* Build configuration list for PBXNativeTarget "NJ微博" */;
			buildPhases = (
				96EC91CE1B4A9ABB00D1275C /* Sources */,
				96EC91CF1B4A9ABB00D1275C /* Frameworks */,
				96EC91D01B4A9ABB00D1275C /* Resources */,
			);
			buildRules = (
			);
			dependencies = (
			);
			name = "NJ微博";
			productName = "NJ微博";
			productReference = 96EC91D21B4A9ABB00D1275C /* NJ微博.app */;
			productType = "com.apple.product-type.application";
		};
		96EC91E61B4A9ABC00D1275C /* NJ微博Tests */ = {
			isa = PBXNativeTarget;
			buildConfigurationList = 96EC91F41B4A9ABC00D1275C /* Build configuration list for PBXNativeTarget "NJ微博Tests" */;
			buildPhases = (
				96EC91E31B4A9ABC00D1275C /* Sources */,
				96EC91E41B4A9ABC00D1275C /* Frameworks */,
				96EC91E51B4A9ABC00D1275C /* Resources */,
			);
			buildRules = (
			);
			dependencies = (
				96EC91E91B4A9ABC00D1275C /* PBXTargetDependency */,
			);
			name = "NJ微博Tests";
			productName = "NJ微博Tests";
			productReference = 96EC91E71B4A9ABC00D1275C /* NJ微博Tests.xctest */;
			productType = "com.apple.product-type.bundle.unit-test";
		};
/* End PBXNativeTarget section */

/* Begin PBXProject section */
		96EC91CA1B4A9ABB00D1275C /* Project object */ = {
			isa = PBXProject;
			attributes = {
				LastUpgradeCheck = 0640;
				ORGANIZATIONNAME = Jason;
				TargetAttributes = {
					96EC91D11B4A9ABB00D1275C = {
						CreatedOnToolsVersion = 6.4;
					};
					96EC91E61B4A9ABC00D1275C = {
						CreatedOnToolsVersion = 6.4;
						TestTargetID = 96EC91D11B4A9ABB00D1275C;
					};
				};
			};
			buildConfigurationList = 96EC91CD1B4A9ABB00D1275C /* Build configuration list for PBXProject "NJ微博" */;
			compatibilityVersion = "Xcode 3.2";
			developmentRegion = English;
			hasScannedForEncodings = 0;
			knownRegions = (
				en,
				Base,
			);
			mainGroup = 96EC91C91B4A9ABB00D1275C;
			productRefGroup = 96EC91D31B4A9ABB00D1275C /* Products */;
			projectDirPath = "";
			projectRoot = "";
			targets = (
				96EC91D11B4A9ABB00D1275C /* NJ微博 */,
				96EC91E61B4A9ABC00D1275C /* NJ微博Tests */,
			);
		};
/* End PBXProject section */

/* Begin PBXResourcesBuildPhase section */
		96EC91D01B4A9ABB00D1275C /* Resources */ = {
			isa = PBXResourcesBuildPhase;
			buildActionMask = 2147483647;
			files = (
				96EC91DF1B4A9ABC00D1275C /* Images.xcassets in Resources */,
			);
			runOnlyForDeploymentPostprocessing = 0;
		};
		96EC91E51B4A9ABC00D1275C /* Resources */ = {
			isa = PBXResourcesBuildPhase;
			buildActionMask = 2147483647;
			files = (
			);
			runOnlyForDeploymentPostprocessing = 0;
		};
/* End PBXResourcesBuildPhase section */

/* Begin PBXSourcesBuildPhase section */
		96EC91CE1B4A9ABB00D1275C /* Sources */ = {
			isa = PBXSourcesBuildPhase;
			buildActionMask = 2147483647;
			files = (
				963F4A3C1B4AC06600E900D7 /* MainViewController.swift in Sources */,
				963F4A3A1B4ABC8600E900D7 /* ProfileViewController.swift in Sources */,
				963F4A341B4ABAE100E900D7 /* HomeViewController.swift in Sources */,
				96EC3B3F1B4AA21A009209F7 /* AppDelegate.swift in Sources */,
				963F4A361B4ABC5B00E900D7 /* MessageViewController.swift in Sources */,
				96495AB91B4AA57400BD71EA /* Tool.swift in Sources */,
				963F4A381B4ABC7900E900D7 /* DiscoverViewController.swift in Sources */,
			);
			runOnlyForDeploymentPostprocessing = 0;
		};
		96EC91E31B4A9ABC00D1275C /* Sources */ = {
			isa = PBXSourcesBuildPhase;
			buildActionMask = 2147483647;
			files = (
				96EC91EE1B4A9ABC00D1275C /* NJ__Tests.swift in Sources */,
			);
			runOnlyForDeploymentPostprocessing = 0;
		};
/* End PBXSourcesBuildPhase section */

/* Begin PBXTargetDependency section */
		96EC91E91B4A9ABC00D1275C /* PBXTargetDependency */ = {
			isa = PBXTargetDependency;
			target = 96EC91D11B4A9ABB00D1275C /* NJ微博 */;
			targetProxy = 96EC91E81B4A9ABC00D1275C /* PBXContainerItemProxy */;
		};
/* End PBXTargetDependency section */

/* Begin XCBuildConfiguration section */
		96EC91EF1B4A9ABC00D1275C /* Debug */ = {
			isa = XCBuildConfiguration;
			buildSettings = {
				ALWAYS_SEARCH_USER_PATHS = NO;
				CLANG_CXX_LANGUAGE_STANDARD = "gnu++0x";
				CLANG_CXX_LIBRARY = "libc++";
				CLANG_ENABLE_MODULES = YES;
				CLANG_ENABLE_OBJC_ARC = YES;
				CLANG_WARN_BOOL_CONVERSION = YES;
				CLANG_WARN_CONSTANT_CONVERSION = YES;
				CLANG_WARN_DIRECT_OBJC_ISA_USAGE = YES_ERROR;
				CLANG_WARN_EMPTY_BODY = YES;
				CLANG_WARN_ENUM_CONVERSION = YES;
				CLANG_WARN_INT_CONVERSION = YES;
				CLANG_WARN_OBJC_ROOT_CLASS = YES_ERROR;
				CLANG_WARN_UNREACHABLE_CODE = YES;
				CLANG_WARN__DUPLICATE_METHOD_MATCH = YES;
				"CODE_SIGN_IDENTITY[sdk=iphoneos*]" = "iPhone Developer";
				COPY_PHASE_STRIP = NO;
				DEBUG_INFORMATION_FORMAT = "dwarf-with-dsym";
				ENABLE_STRICT_OBJC_MSGSEND = YES;
				GCC_C_LANGUAGE_STANDARD = gnu99;
				GCC_DYNAMIC_NO_PIC = NO;
				GCC_NO_COMMON_BLOCKS = YES;
				GCC_OPTIMIZATION_LEVEL = 0;
				GCC_PREPROCESSOR_DEFINITIONS = (
					"DEBUG=1",
					"$(inherited)",
				);
				GCC_SYMBOLS_PRIVATE_EXTERN = NO;
				GCC_WARN_64_TO_32_BIT_CONVERSION = YES;
				GCC_WARN_ABOUT_RETURN_TYPE = YES_ERROR;
				GCC_WARN_UNDECLARED_SELECTOR = YES;
				GCC_WARN_UNINITIALIZED_AUTOS = YES_AGGRESSIVE;
				GCC_WARN_UNUSED_FUNCTION = YES;
				GCC_WARN_UNUSED_VARIABLE = YES;
				IPHONEOS_DEPLOYMENT_TARGET = 8.4;
				MTL_ENABLE_DEBUG_INFO = YES;
				ONLY_ACTIVE_ARCH = YES;
				SDKROOT = iphoneos;
				SWIFT_OPTIMIZATION_LEVEL = "-Onone";
			};
			name = Debug;
		};
		96EC91F01B4A9ABC00D1275C /* Release */ = {
			isa = XCBuildConfiguration;
			buildSettings = {
				ALWAYS_SEARCH_USER_PATHS = NO;
				CLANG_CXX_LANGUAGE_STANDARD = "gnu++0x";
				CLANG_CXX_LIBRARY = "libc++";
				CLANG_ENABLE_MODULES = YES;
				CLANG_ENABLE_OBJC_ARC = YES;
				CLANG_WARN_BOOL_CONVERSION = YES;
				CLANG_WARN_CONSTANT_CONVERSION = YES;
				CLANG_WARN_DIRECT_OBJC_ISA_USAGE = YES_ERROR;
				CLANG_WARN_EMPTY_BODY = YES;
				CLANG_WARN_ENUM_CONVERSION = YES;
				CLANG_WARN_INT_CONVERSION = YES;
				CLANG_WARN_OBJC_ROOT_CLASS = YES_ERROR;
				CLANG_WARN_UNREACHABLE_CODE = YES;
				CLANG_WARN__DUPLICATE_METHOD_MATCH = YES;
				"CODE_SIGN_IDENTITY[sdk=iphoneos*]" = "iPhone Developer";
				COPY_PHASE_STRIP = NO;
				DEBUG_INFORMATION_FORMAT = "dwarf-with-dsym";
				ENABLE_NS_ASSERTIONS = NO;
				ENABLE_STRICT_OBJC_MSGSEND = YES;
				GCC_C_LANGUAGE_STANDARD = gnu99;
				GCC_NO_COMMON_BLOCKS = YES;
				GCC_WARN_64_TO_32_BIT_CONVERSION = YES;
				GCC_WARN_ABOUT_RETURN_TYPE = YES_ERROR;
				GCC_WARN_UNDECLARED_SELECTOR = YES;
				GCC_WARN_UNINITIALIZED_AUTOS = YES_AGGRESSIVE;
				GCC_WARN_UNUSED_FUNCTION = YES;
				GCC_WARN_UNUSED_VARIABLE = YES;
				IPHONEOS_DEPLOYMENT_TARGET = 8.4;
				MTL_ENABLE_DEBUG_INFO = NO;
				SDKROOT = iphoneos;
				VALIDATE_PRODUCT = YES;
			};
			name = Release;
		};
		96EC91F21B4A9ABC00D1275C /* Debug */ = {
			isa = XCBuildConfiguration;
			buildSettings = {
				ASSETCATALOG_COMPILER_APPICON_NAME = AppIcon;
				ASSETCATALOG_COMPILER_LAUNCHIMAGE_NAME = LaunchImage;
				CLANG_ENABLE_MODULES = YES;
				INFOPLIST_FILE = "NJ微博/Info.plist";
				LD_RUNPATH_SEARCH_PATHS = "$(inherited) @executable_path/Frameworks";
				PRODUCT_NAME = "$(TARGET_NAME)";
				SWIFT_OBJC_BRIDGING_HEADER = "NJ微博/NJ微博-Bridging-Header.h";
				SWIFT_OPTIMIZATION_LEVEL = "-Onone";
			};
			name = Debug;
		};
		96EC91F31B4A9ABC00D1275C /* Release */ = {
			isa = XCBuildConfiguration;
			buildSettings = {
				ASSETCATALOG_COMPILER_APPICON_NAME = AppIcon;
				ASSETCATALOG_COMPILER_LAUNCHIMAGE_NAME = LaunchImage;
				CLANG_ENABLE_MODULES = YES;
				INFOPLIST_FILE = "NJ微博/Info.plist";
				LD_RUNPATH_SEARCH_PATHS = "$(inherited) @executable_path/Frameworks";
				PRODUCT_NAME = "$(TARGET_NAME)";
				SWIFT_OBJC_BRIDGING_HEADER = "NJ微博/NJ微博-Bridging-Header.h";
			};
			name = Release;
		};
		96EC91F51B4A9ABC00D1275C /* Debug */ = {
			isa = XCBuildConfiguration;
			buildSettings = {
				BUNDLE_LOADER = "$(TEST_HOST)";
				FRAMEWORK_SEARCH_PATHS = (
					"$(SDKROOT)/Developer/Library/Frameworks",
					"$(inherited)",
				);
				GCC_PREPROCESSOR_DEFINITIONS = (
					"DEBUG=1",
					"$(inherited)",
				);
				INFOPLIST_FILE = "NJ微博Tests/Info.plist";
				LD_RUNPATH_SEARCH_PATHS = "$(inherited) @executable_path/Frameworks @loader_path/Frameworks";
				PRODUCT_NAME = "$(TARGET_NAME)";
				TEST_HOST = "$(BUILT_PRODUCTS_DIR)/NJ微博.app/NJ微博";
			};
			name = Debug;
		};
		96EC91F61B4A9ABC00D1275C /* Release */ = {
			isa = XCBuildConfiguration;
			buildSettings = {
				BUNDLE_LOADER = "$(TEST_HOST)";
				FRAMEWORK_SEARCH_PATHS = (
					"$(SDKROOT)/Developer/Library/Frameworks",
					"$(inherited)",
				);
				INFOPLIST_FILE = "NJ微博Tests/Info.plist";
				LD_RUNPATH_SEARCH_PATHS = "$(inherited) @executable_path/Frameworks @loader_path/Frameworks";
				PRODUCT_NAME = "$(TARGET_NAME)";
				TEST_HOST = "$(BUILT_PRODUCTS_DIR)/NJ微博.app/NJ微博";
			};
			name = Release;
		};
/* End XCBuildConfiguration section */

/* Begin XCConfigurationList section */
		96EC91CD1B4A9ABB00D1275C /* Build configuration list for PBXProject "NJ微博" */ = {
			isa = XCConfigurationList;
			buildConfigurations = (
				96EC91EF1B4A9ABC00D1275C /* Debug */,
				96EC91F01B4A9ABC00D1275C /* Release */,
			);
			defaultConfigurationIsVisible = 0;
			defaultConfigurationName = Release;
		};
		96EC91F11B4A9ABC00D1275C /* Build configuration list for PBXNativeTarget "NJ微博" */ = {
			isa = XCConfigurationList;
			buildConfigurations = (
				96EC91F21B4A9ABC00D1275C /* Debug */,
				96EC91F31B4A9ABC00D1275C /* Release */,
			);
			defaultConfigurationIsVisible = 0;
			defaultConfigurationName = Release;
		};
		96EC91F41B4A9ABC00D1275C /* Build configuration list for PBXNativeTarget "NJ微博Tests" */ = {
			isa = XCConfigurationList;
			buildConfigurations = (
				96EC91F51B4A9ABC00D1275C /* Debug */,
				96EC91F61B4A9ABC00D1275C /* Release */,
			);
			defaultConfigurationIsVisible = 0;
			defaultConfigurationName = Release;
		};
/* End XCConfigurationList section */
	};
	rootObject = 96EC91CA1B4A9ABB00D1275C /* Project object */;
}
